apiVersion: kiox.io/v1
kind: WorkspaceLock
metadata:
    name: orun-backend
providers:
    - alias: orun
      provider: sourceplane/orun
      source: ghcr.io/sourceplane/orun:v1.8.1
      version: v1.8.1
      resolved: ghcr.io/sourceplane/orun@sha256:4deb5da340b96329f6179a8cf2d100435a0fa1cfc77aa078b8ba944cdec3df5c
      store: a825851de49364ea62467a2e07b0abb448ba3dda7d9001e23e115de58a0e904e
